
Microsoft Visual Studio Solution File, Format Version 12.00
Project("{FAE04EC0-301F-11D3-BF4B-00C04F79EFBC}") = "SettingsConfig", "SettingsConfig\SettingsConfig.csproj", "{8A82EF45-700C-4750-BF1B-F21B4BA07BC0}"
EndProject
Project("{FAE04EC0-301F-11D3-BF4B-00C04F79EFBC}") = "SettingsConfig-Tests", "SettingsConfig-Tests\SettingsConfig-Tests.csproj", "{92D591C1-2958-4766-A29E-64A417C2696C}"
EndProject
Global
	GlobalSection(SolutionConfigurationPlatforms) = preSolution
		Debug|Any CPU = Debug|Any CPU
		Release|Any CPU = Release|Any CPU
	EndGlobalSection
	GlobalSection(ProjectConfigurationPlatforms) = postSolution
		{8A82EF45-700C-4750-BF1B-F21B4BA07BC0}.Debug|Any CPU.ActiveCfg = Debug|Any CPU
		{8A82EF45-700C-4750-BF1B-F21B4BA07BC0}.Debug|Any CPU.Build.0 = Debug|Any CPU
		{8A82EF45-700C-4750-BF1B-F21B4BA07BC0}.Release|Any CPU.ActiveCfg = Release|Any CPU
		{8A82EF45-700C-4750-BF1B-F21B4BA07BC0}.Release|Any CPU.Build.0 = Release|Any CPU
		{92D591C1-2958-4766-A29E-64A417C2696C}.Debug|Any CPU.ActiveCfg = Debug|Any CPU
		{92D591C1-2958-4766-A29E-64A417C2696C}.Debug|Any CPU.Build.0 = Debug|Any CPU
		{92D591C1-2958-4766-A29E-64A417C2696C}.Release|Any CPU.ActiveCfg = Release|Any CPU
		{92D591C1-2958-4766-A29E-64A417C2696C}.Release|Any CPU.Build.0 = Release|Any CPU
	EndGlobalSection
EndGlobal
